{
  "lockfile-version": 1,
  "manifest": {
    "version": 1,
    "install": {
      "android-studio-tools": {
        "pkg-path": "android-studio-tools"
      },
      "awscli2": {
        "pkg-path": "awscli2"
      },
      "gh": {
        "pkg-path": "gh"
      },
      "jdk17": {
        "pkg-path": "jdk17"
      }
    },
    "hook": {
      "on-activate": "  set -eu\n  set -o pipefail\n\n  if ! [ -f \".androidide_root\" ]; then\n    echo \"Run `flox activate` from the root directory\"\n    echo \"Abort.\"\n    exit 1\n  fi\n\n  # Use these env vars if set; otherwise fall back to default\n  DEFAULT_ANDROID_HOME=\"$HOME/Android/Sdk\"\n  DEFAULT_GRADLE_USER_HOME=\"$HOME/.gradle\"\n  ANDROID_HOME=\"${ANDROID_HOME:-$DEFAULT_ANDROID_HOME}\"\n  GRADLE_USER_HOME=\"${GRADLE_USER_HOME:-$DEFAULT_GRADLE_USER_HOME}\"\n  export ANDROID_HOME\n  export GRADLE_USER_HOME\n\n  echo \"Using ANDROID_HOME=$ANDROID_HOME\"\n  echo \"Using GRADLE_USER_HOME=$GRADLE_USER_HOME\"\n\n  # Accept licenses\n  echo \"Accepting SDK licenses...\"\n  { yes || true; } | sdkmanager --sdk_root=\"$ANDROID_HOME\" --licenses 2>&1 > /dev/null\n\n  install_sdk_tools_if_required() {\n    installed_tools=$(sdkmanager --sdk_root=\"$ANDROID_HOME\" --list_installed)\n\n    declare -a to_install=()\n    for package in \"$@\"; do\n        if ! echo \"$installed_tools\" | grep -q \"$package\"; then\n            echo \"'$package' is missing.\"\n            to_install+=(\"$package\")\n        fi\n    done\n\n    if [ ${#to_install[@]} -ne 0 ]; then\n        echo \"Installing SDK Tools: ${to_install[*]}\"\n        sdkmanager --sdk_root=\"$ANDROID_HOME\" --install \"${to_install[@]}\"\n    fi\n  }\n\n  # The packages we need\n  install_sdk_tools_if_required \\\n    \"build-tools;36.0.0\" \\\n    \"cmake;3.31.6\" \\\n    \"platforms;android-36\" \\\n    \"platform-tools\" \\\n    \"ndk;29.0.14206865\"\n"
    },
    "profile": {
      "common": "  # Override the 'sdkmanager' command so that we don't have to\n  #   specify --sdk_root everytime\n  sdkman=$(command -v sdkmanager)\n  alias sdkmanager=\"$sdkman --sdk_root=$ANDROID_HOME\"\n"
    },
    "options": {
      "systems": [
        "aarch64-darwin",
        "aarch64-linux",
        "x86_64-darwin",
        "x86_64-linux"
      ]
    }
  },
  "packages": [
    {
      "attr_path": "android-studio-tools",
      "broken": false,
      "derivation": "/nix/store/z9s7k7hc89qw6mcgv7gddp7hffcv1jd2-android-studio-tools-13114758.drv",
      "description": "Android Studio CLI Tools",
      "install_id": "android-studio-tools",
      "license": "Unfree",
      "locked_url": "https://github.com/flox/nixpkgs?rev=4faa5f5321320e49a78ae7848582f684d64783e9",
      "name": "android-studio-tools-13114758",
      "pname": "android-studio-tools",
      "rev": "4faa5f5321320e49a78ae7848582f684d64783e9",
      "rev_count": 806853,
      "rev_date": "2025-05-27T18:28:29Z",
      "scrape_date": "2025-05-29T04:22:26.347933Z",
      "stabilities": [
        "unstable",
        "staging",
        "stable",
        "lts"
      ],
      "unfree": true,
      "version": "13114758",
      "outputs_to_install": [
        "out"
      ],
      "outputs": {
        "out": "/nix/store/rbmxi7d5a1k7v5xilqrj51v3a8y08adp-android-studio-tools-13114758"
      },
      "system": "aarch64-darwin",
      "group": "toplevel",
      "priority": 5
    },
    {
      "attr_path": "android-studio-tools",
      "broken": false,
      "derivation": "/nix/store/9f4jkmqb3vgd4ivf0276vcwbkaarga2g-android-studio-tools-13114758.drv",
      "description": "Android Studio CLI Tools",
      "install_id": "android-studio-tools",
      "license": "Unfree",
      "locked_url": "https://github.com/flox/nixpkgs?rev=4faa5f5321320e49a78ae7848582f684d64783e9",
      "name": "android-studio-tools-13114758",
      "pname": "android-studio-tools",
      "rev": "4faa5f5321320e49a78ae7848582f684d64783e9",
      "rev_count": 806853,
      "rev_date": "2025-05-27T18:28:29Z",
      "scrape_date": "2025-05-29T04:39:56.392774Z",
      "stabilities": [
        "unstable",
        "staging",
        "stable",
        "lts"
      ],
      "unfree": true,
      "version": "13114758",
      "outputs_to_install": [
        "out"
      ],
      "outputs": {
        "out": "/nix/store/mjrydz60ix524lvcdnvxcczalbnsm5fm-android-studio-tools-13114758"
      },
      "system": "aarch64-linux",
      "group": "toplevel",
      "priority": 5
    },
    {
      "attr_path": "android-studio-tools",
      "broken": false,
      "derivation": "/nix/store/qwb12grf9ic1vbkr4bjsp96g3a1xnrl2-android-studio-tools-13114758.drv",
      "description": "Android Studio CLI Tools",
      "install_id": "android-studio-tools",
      "license": "Unfree",
      "locked_url": "https://github.com/flox/nixpkgs?rev=4faa5f5321320e49a78ae7848582f684d64783e9",
      "name": "android-studio-tools-13114758",
      "pname": "android-studio-tools",
      "rev": "4faa5f5321320e49a78ae7848582f684d64783e9",
      "rev_count": 806853,
      "rev_date": "2025-05-27T18:28:29Z",
      "scrape_date": "2025-05-29T04:56:01.730844Z",
      "stabilities": [
        "unstable",
        "staging",
        "stable",
        "lts"
      ],
      "unfree": true,
      "version": "13114758",
      "outputs_to_install": [
        "out"
      ],
      "outputs": {
        "out": "/nix/store/gcwbg7k2saa8k1sc0p0jcg19xrs5aagw-android-studio-tools-13114758"
      },
      "system": "x86_64-darwin",
      "group": "toplevel",
      "priority": 5
    },
    {
      "attr_path": "android-studio-tools",
      "broken": false,
      "derivation": "/nix/store/4ik9d1msnqpbprx4v1whvw5a30fwnrg8-android-studio-tools-13114758.drv",
      "description": "Android Studio CLI Tools",
      "install_id": "android-studio-tools",
      "license": "Unfree",
      "locked_url": "https://github.com/flox/nixpkgs?rev=4faa5f5321320e49a78ae7848582f684d64783e9",
      "name": "android-studio-tools-13114758",
      "pname": "android-studio-tools",
      "rev": "4faa5f5321320e49a78ae7848582f684d64783e9",
      "rev_count": 806853,
      "rev_date": "2025-05-27T18:28:29Z",
      "scrape_date": "2025-05-29T05:14:30.519517Z",
      "stabilities": [
        "unstable",
        "staging",
        "stable",
        "lts"
      ],
      "unfree": true,
      "version": "13114758",
      "outputs_to_install": [
        "out"
      ],
      "outputs": {
        "out": "/nix/store/jaaxg7lkp2d9md87qwgfbjw1fh97cyz9-android-studio-tools-13114758"
      },
      "system": "x86_64-linux",
      "group": "toplevel",
      "priority": 5
    },
    {
      "attr_path": "awscli2",
      "broken": false,
      "derivation": "/nix/store/v5gxglicwhyknfwswhngrbawzdwnapp5-awscli2-2.27.2.drv",
      "description": "Unified tool to manage your AWS services",
      "install_id": "awscli2",
      "license": "Apache-2.0",
      "locked_url": "https://github.com/flox/nixpkgs?rev=4faa5f5321320e49a78ae7848582f684d64783e9",
      "name": "awscli2-2.27.2",
      "pname": "awscli2",
      "rev": "4faa5f5321320e49a78ae7848582f684d64783e9",
      "rev_count": 806853,
      "rev_date": "2025-05-27T18:28:29Z",
      "scrape_date": "2025-05-29T04:22:26.435939Z",
      "stabilities": [
        "unstable",
        "staging",
        "stable",
        "lts"
      ],
      "unfree": false,
      "version": "2.27.2",
      "outputs_to_install": [
        "out"
      ],
      "outputs": {
        "dist": "/nix/store/sc270lyggbhz78lcxh9khqmggayqpp6i-awscli2-2.27.2-dist",
        "out": "/nix/store/b5fa0fplfpiyx8zwc9y7d08a57lsk229-awscli2-2.27.2"
      },
      "system": "aarch64-darwin",
      "group": "toplevel",
      "priority": 5
    },
    {
      "attr_path": "awscli2",
      "broken": false,
      "derivation": "/nix/store/7ykn42yxjf7ncyl2z00700hq214xs4jn-awscli2-2.27.2.drv",
      "description": "Unified tool to manage your AWS services",
      "install_id": "awscli2",
      "license": "Apache-2.0",
      "locked_url": "https://github.com/flox/nixpkgs?rev=4faa5f5321320e49a78ae7848582f684d64783e9",
      "name": "awscli2-2.27.2",
      "pname": "awscli2",
      "rev": "4faa5f5321320e49a78ae7848582f684d64783e9",
      "rev_count": 806853,
      "rev_date": "2025-05-27T18:28:29Z",
      "scrape_date": "2025-05-29T04:39:56.495925Z",
      "stabilities": [
        "unstable",
        "staging",
        "stable",
        "lts"
      ],
      "unfree": false,
      "version": "2.27.2",
      "outputs_to_install": [
        "out"
      ],
      "outputs": {
        "dist": "/nix/store/ss8xqzwn1l8qdbwlml439bx1ik13vxlk-awscli2-2.27.2-dist",
        "out": "/nix/store/161s22pbddllc4mabgr5rvrpmhiffsp4-awscli2-2.27.2"
      },
      "system": "aarch64-linux",
      "group": "toplevel",
      "priority": 5
    },
    {
      "attr_path": "awscli2",
      "broken": false,
      "derivation": "/nix/store/id7b0p6cwlkcsnfb767s820ig9xj0qnp-awscli2-2.27.2.drv",
      "description": "Unified tool to manage your AWS services",
      "install_id": "awscli2",
      "license": "Apache-2.0",
      "locked_url": "https://github.com/flox/nixpkgs?rev=4faa5f5321320e49a78ae7848582f684d64783e9",
      "name": "awscli2-2.27.2",
      "pname": "awscli2",
      "rev": "4faa5f5321320e49a78ae7848582f684d64783e9",
      "rev_count": 806853,
      "rev_date": "2025-05-27T18:28:29Z",
      "scrape_date": "2025-05-29T04:56:01.820295Z",
      "stabilities": [
        "unstable",
        "staging",
        "stable",
        "lts"
      ],
      "unfree": false,
      "version": "2.27.2",
      "outputs_to_install": [
        "out"
      ],
      "outputs": {
        "dist": "/nix/store/q9rzj2ikpl9vn4sns3ydsy7i8sachnha-awscli2-2.27.2-dist",
        "out": "/nix/store/l18j8wgidf145m0zw6ydg8blim44hrkq-awscli2-2.27.2"
      },
      "system": "x86_64-darwin",
      "group": "toplevel",
      "priority": 5
    },
    {
      "attr_path": "awscli2",
      "broken": false,
      "derivation": "/nix/store/j2ajkr3y4c0fg9lxl22z30hd4spb74d9-awscli2-2.27.2.drv",
      "description": "Unified tool to manage your AWS services",
      "install_id": "awscli2",
      "license": "Apache-2.0",
      "locked_url": "https://github.com/flox/nixpkgs?rev=4faa5f5321320e49a78ae7848582f684d64783e9",
      "name": "awscli2-2.27.2",
      "pname": "awscli2",
      "rev": "4faa5f5321320e49a78ae7848582f684d64783e9",
      "rev_count": 806853,
      "rev_date": "2025-05-27T18:28:29Z",
      "scrape_date": "2025-05-29T05:14:30.638052Z",
      "stabilities": [
        "unstable",
        "staging",
        "stable",
        "lts"
      ],
      "unfree": false,
      "version": "2.27.2",
      "outputs_to_install": [
        "out"
      ],
      "outputs": {
        "dist": "/nix/store/r5cw3141myaf5lnzra9c0nc8prb2zv6y-awscli2-2.27.2-dist",
        "out": "/nix/store/gx3hx0b3lbm11sishxl4k7a7ha4w405q-awscli2-2.27.2"
      },
      "system": "x86_64-linux",
      "group": "toplevel",
      "priority": 5
    },
    {
      "attr_path": "gh",
      "broken": false,
      "derivation": "/nix/store/lqwnggadbrhm51j595qlmga18zqlib0v-gh-2.73.0.drv",
      "description": "GitHub CLI tool",
      "install_id": "gh",
      "license": "MIT",
      "locked_url": "https://github.com/flox/nixpkgs?rev=4faa5f5321320e49a78ae7848582f684d64783e9",
      "name": "gh-2.73.0",
      "pname": "gh",
      "rev": "4faa5f5321320e49a78ae7848582f684d64783e9",
      "rev_count": 806853,
      "rev_date": "2025-05-27T18:28:29Z",
      "scrape_date": "2025-05-29T04:22:27.610678Z",
      "stabilities": [
        "unstable",
        "staging",
        "stable",
        "lts"
      ],
      "unfree": false,
      "version": "2.73.0",
      "outputs_to_install": [
        "out"
      ],
      "outputs": {
        "out": "/nix/store/inxkf35rrzg4lpn2npgd948nhmhxmm8j-gh-2.73.0"
      },
      "system": "aarch64-darwin",
      "group": "toplevel",
      "priority": 5
    },
    {
      "attr_path": "gh",
      "broken": false,
      "derivation": "/nix/store/72pr90vnpj5czzisi4hhp3irkyck86pk-gh-2.73.0.drv",
      "description": "GitHub CLI tool",
      "install_id": "gh",
      "license": "MIT",
      "locked_url": "https://github.com/flox/nixpkgs?rev=4faa5f5321320e49a78ae7848582f684d64783e9",
      "name": "gh-2.73.0",
      "pname": "gh",
      "rev": "4faa5f5321320e49a78ae7848582f684d64783e9",
      "rev_count": 806853,
      "rev_date": "2025-05-27T18:28:29Z",
      "scrape_date": "2025-05-29T04:39:57.703306Z",
      "stabilities": [
        "unstable",
        "staging",
        "stable",
        "lts"
      ],
      "unfree": false,
      "version": "2.73.0",
      "outputs_to_install": [
        "out"
      ],
      "outputs": {
        "out": "/nix/store/2cz3xa8ird2alc3r3ls0y2gdh3r04ssm-gh-2.73.0"
      },
      "system": "aarch64-linux",
      "group": "toplevel",
      "priority": 5
    },
    {
      "attr_path": "gh",
      "broken": false,
      "derivation": "/nix/store/likik4fp8824dx2rmrhcz3wfdali3ip9-gh-2.73.0.drv",
      "description": "GitHub CLI tool",
      "install_id": "gh",
      "license": "MIT",
      "locked_url": "https://github.com/flox/nixpkgs?rev=4faa5f5321320e49a78ae7848582f684d64783e9",
      "name": "gh-2.73.0",
      "pname": "gh",
      "rev": "4faa5f5321320e49a78ae7848582f684d64783e9",
      "rev_count": 806853,
      "rev_date": "2025-05-27T18:28:29Z",
      "scrape_date": "2025-05-29T04:56:02.568585Z",
      "stabilities": [
        "unstable",
        "staging",
        "stable",
        "lts"
      ],
      "unfree": false,
      "version": "2.73.0",
      "outputs_to_install": [
        "out"
      ],
      "outputs": {
        "out": "/nix/store/2z3hpmxp4z8qwcqh0fn68603wizqzr19-gh-2.73.0"
      },
      "system": "x86_64-darwin",
      "group": "toplevel",
      "priority": 5
    },
    {
      "attr_path": "gh",
      "broken": false,
      "derivation": "/nix/store/gpj8jfzhkwylffdjfsv0wldxn8d2asp0-gh-2.73.0.drv",
      "description": "GitHub CLI tool",
      "install_id": "gh",
      "license": "MIT",
      "locked_url": "https://github.com/flox/nixpkgs?rev=4faa5f5321320e49a78ae7848582f684d64783e9",
      "name": "gh-2.73.0",
      "pname": "gh",
      "rev": "4faa5f5321320e49a78ae7848582f684d64783e9",
      "rev_count": 806853,
      "rev_date": "2025-05-27T18:28:29Z",
      "scrape_date": "2025-05-29T05:14:31.970256Z",
      "stabilities": [
        "unstable",
        "staging",
        "stable",
        "lts"
      ],
      "unfree": false,
      "version": "2.73.0",
      "outputs_to_install": [
        "out"
      ],
      "outputs": {
        "out": "/nix/store/ldj4l6hdw3qyz93k3lrk22gw30hmj3ki-gh-2.73.0"
      },
      "system": "x86_64-linux",
      "group": "toplevel",
      "priority": 5
    },
    {
      "attr_path": "jdk17",
      "broken": false,
      "derivation": "/nix/store/g9c6ymdb9zwxnyqhjggh3czhm4bx03dp-zulu-ca-jdk-17.0.12.drv",
      "description": "Certified builds of OpenJDK",
      "install_id": "jdk17",
      "license": "GPL-2.0-only",
      "locked_url": "https://github.com/flox/nixpkgs?rev=4faa5f5321320e49a78ae7848582f684d64783e9",
      "name": "zulu-ca-jdk-17.0.12",
      "pname": "jdk17",
      "rev": "4faa5f5321320e49a78ae7848582f684d64783e9",
      "rev_count": 806853,
      "rev_date": "2025-05-27T18:28:29Z",
      "scrape_date": "2025-05-29T04:22:28.135281Z",
      "stabilities": [
        "unstable",
        "staging",
        "stable",
        "lts"
      ],
      "unfree": false,
      "version": "17.0.12",
      "outputs_to_install": [
        "out"
      ],
      "outputs": {
        "out": "/nix/store/3clfkf49kf9j00xr75zsag78h72zcwxd-zulu-ca-jdk-17.0.12"
      },
      "system": "aarch64-darwin",
      "group": "toplevel",
      "priority": 5
    },
    {
      "attr_path": "jdk17",
      "broken": false,
      "derivation": "/nix/store/nf5p408gkmzzgzjcvkpspw96xyqx989v-openjdk-17.0.14+7.drv",
      "description": "Open-source Java Development Kit",
      "install_id": "jdk17",
      "license": "GPL-2.0-only",
      "locked_url": "https://github.com/flox/nixpkgs?rev=4faa5f5321320e49a78ae7848582f684d64783e9",
      "name": "openjdk-17.0.14+7",
      "pname": "jdk17",
      "rev": "4faa5f5321320e49a78ae7848582f684d64783e9",
      "rev_count": 806853,
      "rev_date": "2025-05-27T18:28:29Z",
      "scrape_date": "2025-05-29T04:39:59.371893Z",
      "stabilities": [
        "unstable",
        "staging",
        "stable",
        "lts"
      ],
      "unfree": false,
      "version": "17.0.14+7",
      "outputs_to_install": [
        "out"
      ],
      "outputs": {
        "debug": "/nix/store/2fnirdq86nrvrlzcb6fxi2divj55pgq1-openjdk-17.0.14+7-debug",
        "out": "/nix/store/zhys88jj19v027apz0m6hs0fhx80cwbs-openjdk-17.0.14+7"
      },
      "system": "aarch64-linux",
      "group": "toplevel",
      "priority": 5
    },
    {
      "attr_path": "jdk17",
      "broken": false,
      "derivation": "/nix/store/7cdiv349gh4vmyj31a8x2qbqfzrmdg6n-zulu-ca-jdk-17.0.12.drv",
      "description": "Certified builds of OpenJDK",
      "install_id": "jdk17",
      "license": "GPL-2.0-only",
      "locked_url": "https://github.com/flox/nixpkgs?rev=4faa5f5321320e49a78ae7848582f684d64783e9",
      "name": "zulu-ca-jdk-17.0.12",
      "pname": "jdk17",
      "rev": "4faa5f5321320e49a78ae7848582f684d64783e9",
      "rev_count": 806853,
      "rev_date": "2025-05-27T18:28:29Z",
      "scrape_date": "2025-05-29T04:56:03.138456Z",
      "stabilities": [
        "unstable",
        "staging",
        "stable",
        "lts"
      ],
      "unfree": false,
      "version": "17.0.12",
      "outputs_to_install": [
        "out"
      ],
      "outputs": {
        "out": "/nix/store/2f69k186mp68n01572qf1yhbjbhys6g0-zulu-ca-jdk-17.0.12"
      },
      "system": "x86_64-darwin",
      "group": "toplevel",
      "priority": 5
    },
    {
      "attr_path": "jdk17",
      "broken": false,
      "derivation": "/nix/store/rzipknjacaacmshmckj51pilc7f7nsqq-openjdk-17.0.14+7.drv",
      "description": "Open-source Java Development Kit",
      "install_id": "jdk17",
      "license": "GPL-2.0-only",
      "locked_url": "https://github.com/flox/nixpkgs?rev=4faa5f5321320e49a78ae7848582f684d64783e9",
      "name": "openjdk-17.0.14+7",
      "pname": "jdk17",
      "rev": "4faa5f5321320e49a78ae7848582f684d64783e9",
      "rev_count": 806853,
      "rev_date": "2025-05-27T18:28:29Z",
      "scrape_date": "2025-05-29T05:14:33.795817Z",
      "stabilities": [
        "unstable",
        "staging",
        "stable",
        "lts"
      ],
      "unfree": false,
      "version": "17.0.14+7",
      "outputs_to_install": [
        "out"
      ],
      "outputs": {
        "debug": "/nix/store/7zi5xnq5f98zfkwcc0qr872gsk94x2fj-openjdk-17.0.14+7-debug",
        "out": "/nix/store/063dnz6gcvjwa0caiv637adqci11gap8-openjdk-17.0.14+7"
      },
      "system": "x86_64-linux",
      "group": "toplevel",
      "priority": 5
    }
  ]
}