{
  "lockfile-version": 1,
  "manifest": {
    "version": 1,
    "install": {
      "android-studio-tools": {
        "pkg-path": "android-studio-tools"
      },
      "findutils": {
        "pkg-path": "findutils"
      },
      "gnugrep": {
        "pkg-path": "gnugrep"
      },
      "gnused": {
        "pkg-path": "gnused"
      },
      "jdk17": {
        "pkg-path": "jdk17"
      }
    },
    "hook": {
      "on-activate": "  set -eu\n  set -o pipefail\n\n  if ! [ -f \".androidide_root\" ]; then\n    echo \"Run `flox activate` from the root directory\"\n    echo \"Abort.\"\n    exit 1\n  fi\n\n  # Use these env vars if set; otherwise fall back to default\n  DEFAULT_ANDROID_HOME=\"$HOME/Android/Sdk\"\n  DEFAULT_GRADLE_USER_HOME=\"$HOME/.gradle\"\n  ANDROID_HOME=\"${ANDROID_HOME:-$DEFAULT_ANDROID_HOME}\"\n  GRADLE_USER_HOME=\"${GRADLE_USER_HOME:-$DEFAULT_GRADLE_USER_HOME}\"\n  export ANDROID_HOME\n  export GRADLE_USER_HOME\n\n  echo \"Using ANDROID_HOME=$ANDROID_HOME\"\n  echo \"Using GRADLE_USER_HOME=$GRADLE_USER_HOME\"\n\n  # Accept licenses\n  echo \"Accepting SDK licenses...\"\n  { yes || true; } | sdkmanager --sdk_root=\"$ANDROID_HOME\" --licenses 2>&1 > /dev/null\n\n  install_sdk_tools_if_required() {\n    installed_tools=$(sdkmanager --sdk_root=\"$ANDROID_HOME\" --list_installed)\n\n    declare -a to_install=()\n    for package in \"$@\"; do\n        if ! echo \"$installed_tools\" | grep -q \"$package\"; then\n            echo \"'$package' is missing.\"\n            to_install+=(\"$package\")\n        fi\n    done\n\n    if [ ${#to_install[@]} -ne 0 ]; then\n        echo \"Installing SDK Tools: ${to_install[*]}\"\n        sdkmanager --sdk_root=\"$ANDROID_HOME\" --install \"${to_install[@]}\"\n    fi\n  }\n\n  # The packages we need\n  install_sdk_tools_if_required \\\n    \"build-tools;35.0.0\" \\\n    \"cmake;3.31.6\" \\\n    \"platforms;android-35\" \\\n    \"platform-tools\" \\\n    \"ndk;26.1.10909125\"\n\n  # Set up local.properties file\n  if ! [ -f \"local.properties\" ]; then\n    echo \"Creating local.properties file...\"\n    echo \"sdk.dir=$ANDROID_HOME\" > local.properties\n  else\n    local_props=$(cat \"local.properties\")\n    if ! echo \"$local_props\" | grep -q \"^sdk.dir=\"; then\n      echo \"Updating local.properties to add sdk.dir=$ANDROID_HOME...\"\n      echo \"sdk.dir=$ANDROID_HOME\" >> local.properties\n    else\n      echo \"Updating local.properties to use sdk.dir=$ANDROID_HOME...\"\n      sed -i -e \"s|sdk.dir=.*|sdk.dir=$ANDROID_HOME|g\" local.properties\n    fi\n  fi\n\n  # Set git-hooks, if required\n  if git rev-parse --git-dir >/dev/null 2>&1; then\n    hooks_dir=\"$(git rev-parse --git-common-dir)/hooks\"\n    mkdir -p \"$hooks_dir\"\n    for hook_name in \"pre-commit\" \"pre-push\"; do\n      hook=\"$hooks_dir/$hook_name\"\n      if ! [ -f \"$hook\" ] || ! grep -q 'COGO_GIT_HOOK' \"$hook\"; then\n        echo \"Updating $hook_name hook...\"\n        cat >\"$hook\" <<'EOF'\n#!/bin/bash\n# -- COGO_GIT_HOOK\nexec \"$(git rev-parse --show-toplevel)/.githooks/hook\" \"$(basename \"$0\")\"\nEOF\n        chmod +x \"$hook\"\n      fi\n    done\n  fi\n"
    },
    "profile": {
      "common": "  # Override the 'sdkmanager' command so that we don't have to\n  #   specify --sdk_root everytime\n  sdkman=$(command -v sdkmanager)\n  alias sdkmanager=\"$sdkman --sdk_root=$ANDROID_HOME\"\n"
    },
    "options": {
      "systems": [
        "aarch64-darwin",
        "aarch64-linux",
        "x86_64-darwin",
        "x86_64-linux"
      ]
    }
  },
  "packages": [
    {
      "attr_path": "android-studio-tools",
      "broken": false,
      "derivation": "/nix/store/vhyaxdy4xryr3nx5mamzsbf3qwjadd7l-android-studio-tools-14742923.drv",
      "description": "Android Studio CLI Tools",
      "install_id": "android-studio-tools",
      "license": "Unfree",
      "locked_url": "https://github.com/flox/nixpkgs?rev=d6c71932130818840fc8fe9509cf50be8c64634f",
      "name": "android-studio-tools-14742923",
      "pname": "android-studio-tools",
      "rev": "d6c71932130818840fc8fe9509cf50be8c64634f",
      "rev_count": 942779,
      "rev_date": "2026-02-08T14:52:16Z",
      "scrape_date": "2026-02-09T04:38:28.050685Z",
      "stabilities": [
        "unstable"
      ],
      "unfree": true,
      "version": "14742923",
      "outputs_to_install": [
        "out"
      ],
      "outputs": {
        "out": "/nix/store/ylk0irn4x6disrc3pr264hrwz55d0wfb-android-studio-tools-14742923"
      },
      "system": "aarch64-darwin",
      "group": "toplevel",
      "priority": 5
    },
    {
      "attr_path": "android-studio-tools",
      "broken": false,
      "derivation": "/nix/store/3caszvf7iwda9mz4s3y32284lpy9jbai-android-studio-tools-14742923.drv",
      "description": "Android Studio CLI Tools",
      "install_id": "android-studio-tools",
      "license": "Unfree",
      "locked_url": "https://github.com/flox/nixpkgs?rev=d6c71932130818840fc8fe9509cf50be8c64634f",
      "name": "android-studio-tools-14742923",
      "pname": "android-studio-tools",
      "rev": "d6c71932130818840fc8fe9509cf50be8c64634f",
      "rev_count": 942779,
      "rev_date": "2026-02-08T14:52:16Z",
      "scrape_date": "2026-02-09T05:10:35.133392Z",
      "stabilities": [
        "unstable"
      ],
      "unfree": true,
      "version": "14742923",
      "outputs_to_install": [
        "out"
      ],
      "outputs": {
        "out": "/nix/store/z4w03mvvnl0lhhckpgih6g7km3xg1kn4-android-studio-tools-14742923"
      },
      "system": "aarch64-linux",
      "group": "toplevel",
      "priority": 5
    },
    {
      "attr_path": "android-studio-tools",
      "broken": false,
      "derivation": "/nix/store/mawk8al7s30mffyg6cfivjsq5zfiay9l-android-studio-tools-14742923.drv",
      "description": "Android Studio CLI Tools",
      "install_id": "android-studio-tools",
      "license": "Unfree",
      "locked_url": "https://github.com/flox/nixpkgs?rev=d6c71932130818840fc8fe9509cf50be8c64634f",
      "name": "android-studio-tools-14742923",
      "pname": "android-studio-tools",
      "rev": "d6c71932130818840fc8fe9509cf50be8c64634f",
      "rev_count": 942779,
      "rev_date": "2026-02-08T14:52:16Z",
      "scrape_date": "2026-02-09T05:44:13.238819Z",
      "stabilities": [
        "unstable"
      ],
      "unfree": true,
      "version": "14742923",
      "outputs_to_install": [
        "out"
      ],
      "outputs": {
        "out": "/nix/store/vcjrjb9v8ynvwc15532kk50aslhnvma9-android-studio-tools-14742923"
      },
      "system": "x86_64-darwin",
      "group": "toplevel",
      "priority": 5
    },
    {
      "attr_path": "android-studio-tools",
      "broken": false,
      "derivation": "/nix/store/1cf9g64f0v1yp8xg6wwc8jxs9v0lccn2-android-studio-tools-14742923.drv",
      "description": "Android Studio CLI Tools",
      "install_id": "android-studio-tools",
      "license": "Unfree",
      "locked_url": "https://github.com/flox/nixpkgs?rev=d6c71932130818840fc8fe9509cf50be8c64634f",
      "name": "android-studio-tools-14742923",
      "pname": "android-studio-tools",
      "rev": "d6c71932130818840fc8fe9509cf50be8c64634f",
      "rev_count": 942779,
      "rev_date": "2026-02-08T14:52:16Z",
      "scrape_date": "2026-02-09T06:20:15.887378Z",
      "stabilities": [
        "unstable"
      ],
      "unfree": true,
      "version": "14742923",
      "outputs_to_install": [
        "out"
      ],
      "outputs": {
        "out": "/nix/store/3k85k06y7lpzhhc2wipw7pc3gsd936xs-android-studio-tools-14742923"
      },
      "system": "x86_64-linux",
      "group": "toplevel",
      "priority": 5
    },
    {
      "attr_path": "findutils",
      "broken": false,
      "derivation": "/nix/store/n61i8m1yy4l3jjr2kacp0kf4pximp46p-findutils-4.10.0.drv",
      "description": "GNU Find Utilities, the basic directory searching utilities of the GNU operating system",
      "install_id": "findutils",
      "license": "GPL-3.0-or-later",
      "locked_url": "https://github.com/flox/nixpkgs?rev=d6c71932130818840fc8fe9509cf50be8c64634f",
      "name": "findutils-4.10.0",
      "pname": "findutils",
      "rev": "d6c71932130818840fc8fe9509cf50be8c64634f",
      "rev_count": 942779,
      "rev_date": "2026-02-08T14:52:16Z",
      "scrape_date": "2026-02-09T04:38:29.072956Z",
      "stabilities": [
        "unstable"
      ],
      "unfree": false,
      "version": "4.10.0",
      "outputs_to_install": [
        "out"
      ],
      "outputs": {
        "info": "/nix/store/9wh1zv8qi8p4kr1cnzvmv1n7x1wrrqbf-findutils-4.10.0-info",
        "locate": "/nix/store/3wg0r18yal9jglc596kbsb4g62jax7n7-findutils-4.10.0-locate",
        "out": "/nix/store/5v87jn1n1a622ccfk0pag63fw0bz232z-findutils-4.10.0"
      },
      "system": "aarch64-darwin",
      "group": "toplevel",
      "priority": 5
    },
    {
      "attr_path": "findutils",
      "broken": false,
      "derivation": "/nix/store/vv13jafjz79mscvx6v241p9bnrbarvwm-findutils-4.10.0.drv",
      "description": "GNU Find Utilities, the basic directory searching utilities of the GNU operating system",
      "install_id": "findutils",
      "license": "GPL-3.0-or-later",
      "locked_url": "https://github.com/flox/nixpkgs?rev=d6c71932130818840fc8fe9509cf50be8c64634f",
      "name": "findutils-4.10.0",
      "pname": "findutils",
      "rev": "d6c71932130818840fc8fe9509cf50be8c64634f",
      "rev_count": 942779,
      "rev_date": "2026-02-08T14:52:16Z",
      "scrape_date": "2026-02-09T05:10:36.613759Z",
      "stabilities": [
        "unstable"
      ],
      "unfree": false,
      "version": "4.10.0",
      "outputs_to_install": [
        "out"
      ],
      "outputs": {
        "info": "/nix/store/3z3xx3hc9hvmgkwx259cadc6shbw9574-findutils-4.10.0-info",
        "locate": "/nix/store/cq88mbcx5d6ablhmqlz5n0zff178sp91-findutils-4.10.0-locate",
        "out": "/nix/store/5xiydli2zwmmk5a3diqvidb0ch6pz436-findutils-4.10.0"
      },
      "system": "aarch64-linux",
      "group": "toplevel",
      "priority": 5
    },
    {
      "attr_path": "findutils",
      "broken": false,
      "derivation": "/nix/store/hhs7fr10aijgavkfgsjwgls829hmv464-findutils-4.10.0.drv",
      "description": "GNU Find Utilities, the basic directory searching utilities of the GNU operating system",
      "install_id": "findutils",
      "license": "GPL-3.0-or-later",
      "locked_url": "https://github.com/flox/nixpkgs?rev=d6c71932130818840fc8fe9509cf50be8c64634f",
      "name": "findutils-4.10.0",
      "pname": "findutils",
      "rev": "d6c71932130818840fc8fe9509cf50be8c64634f",
      "rev_count": 942779,
      "rev_date": "2026-02-08T14:52:16Z",
      "scrape_date": "2026-02-09T05:44:14.236194Z",
      "stabilities": [
        "unstable"
      ],
      "unfree": false,
      "version": "4.10.0",
      "outputs_to_install": [
        "out"
      ],
      "outputs": {
        "info": "/nix/store/75mkc0b190yhq9sjnib1akylw4g1xapb-findutils-4.10.0-info",
        "locate": "/nix/store/m3v66am0isra854d6mnvn0pj5w0rmbx2-findutils-4.10.0-locate",
        "out": "/nix/store/60p50fcwd57dihf8ks941klrlhimdjhf-findutils-4.10.0"
      },
      "system": "x86_64-darwin",
      "group": "toplevel",
      "priority": 5
    },
    {
      "attr_path": "findutils",
      "broken": false,
      "derivation": "/nix/store/j03vi5rbki1d6pk6zacqq7vrq2y7s9m1-findutils-4.10.0.drv",
      "description": "GNU Find Utilities, the basic directory searching utilities of the GNU operating system",
      "install_id": "findutils",
      "license": "GPL-3.0-or-later",
      "locked_url": "https://github.com/flox/nixpkgs?rev=d6c71932130818840fc8fe9509cf50be8c64634f",
      "name": "findutils-4.10.0",
      "pname": "findutils",
      "rev": "d6c71932130818840fc8fe9509cf50be8c64634f",
      "rev_count": 942779,
      "rev_date": "2026-02-08T14:52:16Z",
      "scrape_date": "2026-02-09T06:20:17.533575Z",
      "stabilities": [
        "unstable"
      ],
      "unfree": false,
      "version": "4.10.0",
      "outputs_to_install": [
        "out"
      ],
      "outputs": {
        "info": "/nix/store/r7ij2k3ps4jzj68yisgxis2bq5f7lacf-findutils-4.10.0-info",
        "locate": "/nix/store/p99ac3k0wfj0l79wxrhym8viyk6h1d73-findutils-4.10.0-locate",
        "out": "/nix/store/16wfacfgap3chf7mcjnd8dwi85dj4qqi-findutils-4.10.0"
      },
      "system": "x86_64-linux",
      "group": "toplevel",
      "priority": 5
    },
    {
      "attr_path": "gnugrep",
      "broken": false,
      "derivation": "/nix/store/rwwn4kk3chbpq7qm4qd8yssmfbs0q5s0-gnugrep-3.12.drv",
      "description": "GNU implementation of the Unix grep command",
      "install_id": "gnugrep",
      "license": "GPL-3.0-or-later",
      "locked_url": "https://github.com/flox/nixpkgs?rev=d6c71932130818840fc8fe9509cf50be8c64634f",
      "name": "gnugrep-3.12",
      "pname": "gnugrep",
      "rev": "d6c71932130818840fc8fe9509cf50be8c64634f",
      "rev_count": 942779,
      "rev_date": "2026-02-08T14:52:16Z",
      "scrape_date": "2026-02-09T04:38:29.434971Z",
      "stabilities": [
        "unstable"
      ],
      "unfree": false,
      "version": "3.12",
      "outputs_to_install": [
        "out",
        "out",
        "out",
        "out"
      ],
      "outputs": {
        "info": "/nix/store/i484zygrqw554k0ddswv6k7lkn7i3za1-gnugrep-3.12-info",
        "out": "/nix/store/vh7z511kn1g6c4j4rrj2fgxnjsbny5mw-gnugrep-3.12"
      },
      "system": "aarch64-darwin",
      "group": "toplevel",
      "priority": 5
    },
    {
      "attr_path": "gnugrep",
      "broken": false,
      "derivation": "/nix/store/xyv9gp18n072py5knaigpgry7nzc2v39-gnugrep-3.12.drv",
      "description": "GNU implementation of the Unix grep command",
      "install_id": "gnugrep",
      "license": "GPL-3.0-or-later",
      "locked_url": "https://github.com/flox/nixpkgs?rev=d6c71932130818840fc8fe9509cf50be8c64634f",
      "name": "gnugrep-3.12",
      "pname": "gnugrep",
      "rev": "d6c71932130818840fc8fe9509cf50be8c64634f",
      "rev_count": 942779,
      "rev_date": "2026-02-08T14:52:16Z",
      "scrape_date": "2026-02-09T05:10:37.588729Z",
      "stabilities": [
        "unstable"
      ],
      "unfree": false,
      "version": "3.12",
      "outputs_to_install": [
        "out",
        "out"
      ],
      "outputs": {
        "info": "/nix/store/2lj0xvg84lzn5bvap89grjzvrgx43kz9-gnugrep-3.12-info",
        "out": "/nix/store/r21ffchrdgccar73w3skkah0aj15mj2b-gnugrep-3.12"
      },
      "system": "aarch64-linux",
      "group": "toplevel",
      "priority": 5
    },
    {
      "attr_path": "gnugrep",
      "broken": false,
      "derivation": "/nix/store/2lpl54fl85bbvyfpnr1xqnzvr7mhsamy-gnugrep-3.12.drv",
      "description": "GNU implementation of the Unix grep command",
      "install_id": "gnugrep",
      "license": "GPL-3.0-or-later",
      "locked_url": "https://github.com/flox/nixpkgs?rev=d6c71932130818840fc8fe9509cf50be8c64634f",
      "name": "gnugrep-3.12",
      "pname": "gnugrep",
      "rev": "d6c71932130818840fc8fe9509cf50be8c64634f",
      "rev_count": 942779,
      "rev_date": "2026-02-08T14:52:16Z",
      "scrape_date": "2026-02-09T05:44:14.639688Z",
      "stabilities": [
        "unstable"
      ],
      "unfree": false,
      "version": "3.12",
      "outputs_to_install": [
        "out"
      ],
      "outputs": {
        "info": "/nix/store/zvgc176fjzpnyhlp6y0f7pd1jl6zvv91-gnugrep-3.12-info",
        "out": "/nix/store/jblpqghdm8kbsk6lm2szsfz6qqy3ldfd-gnugrep-3.12"
      },
      "system": "x86_64-darwin",
      "group": "toplevel",
      "priority": 5
    },
    {
      "attr_path": "gnugrep",
      "broken": false,
      "derivation": "/nix/store/m6651s32nkx8l7rq453mwpmz361vkb15-gnugrep-3.12.drv",
      "description": "GNU implementation of the Unix grep command",
      "install_id": "gnugrep",
      "license": "GPL-3.0-or-later",
      "locked_url": "https://github.com/flox/nixpkgs?rev=d6c71932130818840fc8fe9509cf50be8c64634f",
      "name": "gnugrep-3.12",
      "pname": "gnugrep",
      "rev": "d6c71932130818840fc8fe9509cf50be8c64634f",
      "rev_count": 942779,
      "rev_date": "2026-02-08T14:52:16Z",
      "scrape_date": "2026-02-09T06:20:18.588962Z",
      "stabilities": [
        "unstable"
      ],
      "unfree": false,
      "version": "3.12",
      "outputs_to_install": [
        "out",
        "out",
        "out"
      ],
      "outputs": {
        "info": "/nix/store/cgk1j37lw5vw7lxdlzhdhji3fii5b5id-gnugrep-3.12-info",
        "out": "/nix/store/02vv0r262agf9j5n2y1gmbjvdf12zkl0-gnugrep-3.12"
      },
      "system": "x86_64-linux",
      "group": "toplevel",
      "priority": 5
    },
    {
      "attr_path": "gnused",
      "broken": false,
      "derivation": "/nix/store/vw4n1g5kkihx1dx8ghj27y01zpx11a64-gnused-4.9.drv",
      "description": "GNU sed, a batch stream editor",
      "install_id": "gnused",
      "license": "GPL-3.0-or-later",
      "locked_url": "https://github.com/flox/nixpkgs?rev=d6c71932130818840fc8fe9509cf50be8c64634f",
      "name": "gnused-4.9",
      "pname": "gnused",
      "rev": "d6c71932130818840fc8fe9509cf50be8c64634f",
      "rev_count": 942779,
      "rev_date": "2026-02-08T14:52:16Z",
      "scrape_date": "2026-02-09T04:38:29.442066Z",
      "stabilities": [
        "unstable"
      ],
      "unfree": false,
      "version": "4.9",
      "outputs_to_install": [
        "out",
        "out"
      ],
      "outputs": {
        "info": "/nix/store/2q7ry9sap952dh21xda36g2gx44m9jvl-gnused-4.9-info",
        "out": "/nix/store/bdhywjmavg1hw3515cxsh8vxx8p42ixw-gnused-4.9"
      },
      "system": "aarch64-darwin",
      "group": "toplevel",
      "priority": 5
    },
    {
      "attr_path": "gnused",
      "broken": false,
      "derivation": "/nix/store/776si0hqchydj3qs6wxlbqg375lcrxrg-gnused-4.9.drv",
      "description": "GNU sed, a batch stream editor",
      "install_id": "gnused",
      "license": "GPL-3.0-or-later",
      "locked_url": "https://github.com/flox/nixpkgs?rev=d6c71932130818840fc8fe9509cf50be8c64634f",
      "name": "gnused-4.9",
      "pname": "gnused",
      "rev": "d6c71932130818840fc8fe9509cf50be8c64634f",
      "rev_count": 942779,
      "rev_date": "2026-02-08T14:52:16Z",
      "scrape_date": "2026-02-09T05:10:37.600285Z",
      "stabilities": [
        "unstable"
      ],
      "unfree": false,
      "version": "4.9",
      "outputs_to_install": [
        "out",
        "out"
      ],
      "outputs": {
        "info": "/nix/store/srvxijm4zzcqp6krhxk8qhfcr52mh39a-gnused-4.9-info",
        "out": "/nix/store/wl7cvwbv3p0ag201jry906ydpij3a9ij-gnused-4.9"
      },
      "system": "aarch64-linux",
      "group": "toplevel",
      "priority": 5
    },
    {
      "attr_path": "gnused",
      "broken": false,
      "derivation": "/nix/store/z498qcl6515g8sy4gan0w1khhccpvqvs-gnused-4.9.drv",
      "description": "GNU sed, a batch stream editor",
      "install_id": "gnused",
      "license": "GPL-3.0-or-later",
      "locked_url": "https://github.com/flox/nixpkgs?rev=d6c71932130818840fc8fe9509cf50be8c64634f",
      "name": "gnused-4.9",
      "pname": "gnused",
      "rev": "d6c71932130818840fc8fe9509cf50be8c64634f",
      "rev_count": 942779,
      "rev_date": "2026-02-08T14:52:16Z",
      "scrape_date": "2026-02-09T05:44:14.647197Z",
      "stabilities": [
        "unstable"
      ],
      "unfree": false,
      "version": "4.9",
      "outputs_to_install": [
        "out"
      ],
      "outputs": {
        "info": "/nix/store/12wwcnqr14xnbjs9mf6l5igpqc167y61-gnused-4.9-info",
        "out": "/nix/store/b882ldrvxjjkc130pqy53948y09hci8m-gnused-4.9"
      },
      "system": "x86_64-darwin",
      "group": "toplevel",
      "priority": 5
    },
    {
      "attr_path": "gnused",
      "broken": false,
      "derivation": "/nix/store/l9v6k09j2rgf7v93qz1b2j7r49cif497-gnused-4.9.drv",
      "description": "GNU sed, a batch stream editor",
      "install_id": "gnused",
      "license": "GPL-3.0-or-later",
      "locked_url": "https://github.com/flox/nixpkgs?rev=d6c71932130818840fc8fe9509cf50be8c64634f",
      "name": "gnused-4.9",
      "pname": "gnused",
      "rev": "d6c71932130818840fc8fe9509cf50be8c64634f",
      "rev_count": 942779,
      "rev_date": "2026-02-08T14:52:16Z",
      "scrape_date": "2026-02-09T06:20:18.601107Z",
      "stabilities": [
        "unstable"
      ],
      "unfree": false,
      "version": "4.9",
      "outputs_to_install": [
        "out",
        "out"
      ],
      "outputs": {
        "info": "/nix/store/rr44gnjkn0j0h67blxaf7c69w6y5xv03-gnused-4.9-info",
        "out": "/nix/store/ryz8kcrm2bxpccllfqlb7qldsfnqp5c2-gnused-4.9"
      },
      "system": "x86_64-linux",
      "group": "toplevel",
      "priority": 5
    },
    {
      "attr_path": "jdk17",
      "broken": false,
      "derivation": "/nix/store/xx509k55hn8r84wjakw52p5ahdjl02bz-zulu-ca-jdk-17.0.12.drv",
      "description": "Certified builds of OpenJDK",
      "install_id": "jdk17",
      "license": "GPL-2.0-only",
      "locked_url": "https://github.com/flox/nixpkgs?rev=d6c71932130818840fc8fe9509cf50be8c64634f",
      "name": "zulu-ca-jdk-17.0.12",
      "pname": "jdk17",
      "rev": "d6c71932130818840fc8fe9509cf50be8c64634f",
      "rev_count": 942779,
      "rev_date": "2026-02-08T14:52:16Z",
      "scrape_date": "2026-02-09T04:38:44.033208Z",
      "stabilities": [
        "unstable"
      ],
      "unfree": false,
      "version": "17.0.12",
      "outputs_to_install": [
        "out"
      ],
      "outputs": {
        "out": "/nix/store/dccfc40cyivwlmd4qbl6lbfq4fzjfp95-zulu-ca-jdk-17.0.12"
      },
      "system": "aarch64-darwin",
      "group": "toplevel",
      "priority": 5
    },
    {
      "attr_path": "jdk17",
      "broken": false,
      "derivation": "/nix/store/hc72vibk8a3hmavkx9g7xrklfxkm7flg-openjdk-17.0.18+8.drv",
      "description": "Open-source Java Development Kit",
      "install_id": "jdk17",
      "license": "GPL-2.0-only",
      "locked_url": "https://github.com/flox/nixpkgs?rev=d6c71932130818840fc8fe9509cf50be8c64634f",
      "name": "openjdk-17.0.18+8",
      "pname": "jdk17",
      "rev": "d6c71932130818840fc8fe9509cf50be8c64634f",
      "rev_count": 942779,
      "rev_date": "2026-02-08T14:52:16Z",
      "scrape_date": "2026-02-09T05:10:56.109630Z",
      "stabilities": [
        "unstable"
      ],
      "unfree": false,
      "version": "17.0.18+8",
      "outputs_to_install": [
        "out"
      ],
      "outputs": {
        "debug": "/nix/store/g6vpm0myzf17la8jn2rfc0mvysv0z4l0-openjdk-17.0.18+8-debug",
        "out": "/nix/store/1qnl43l4a7slw15crlkza325ncjjkdz5-openjdk-17.0.18+8"
      },
      "system": "aarch64-linux",
      "group": "toplevel",
      "priority": 5
    },
    {
      "attr_path": "jdk17",
      "broken": false,
      "derivation": "/nix/store/2w3m7i6286g2zg8p9a10q6nb4sckmciy-zulu-ca-jdk-17.0.12.drv",
      "description": "Certified builds of OpenJDK",
      "install_id": "jdk17",
      "license": "GPL-2.0-only",
      "locked_url": "https://github.com/flox/nixpkgs?rev=d6c71932130818840fc8fe9509cf50be8c64634f",
      "name": "zulu-ca-jdk-17.0.12",
      "pname": "jdk17",
      "rev": "d6c71932130818840fc8fe9509cf50be8c64634f",
      "rev_count": 942779,
      "rev_date": "2026-02-08T14:52:16Z",
      "scrape_date": "2026-02-09T05:44:29.488179Z",
      "stabilities": [
        "unstable"
      ],
      "unfree": false,
      "version": "17.0.12",
      "outputs_to_install": [
        "out"
      ],
      "outputs": {
        "out": "/nix/store/r41s31mplgaalz912kyw7vn3p7m49fqi-zulu-ca-jdk-17.0.12"
      },
      "system": "x86_64-darwin",
      "group": "toplevel",
      "priority": 5
    },
    {
      "attr_path": "jdk17",
      "broken": false,
      "derivation": "/nix/store/lxfin90gamdk5xjp477cf27p2k0mf7n7-openjdk-17.0.18+8.drv",
      "description": "Open-source Java Development Kit",
      "install_id": "jdk17",
      "license": "GPL-2.0-only",
      "locked_url": "https://github.com/flox/nixpkgs?rev=d6c71932130818840fc8fe9509cf50be8c64634f",
      "name": "openjdk-17.0.18+8",
      "pname": "jdk17",
      "rev": "d6c71932130818840fc8fe9509cf50be8c64634f",
      "rev_count": 942779,
      "rev_date": "2026-02-08T14:52:16Z",
      "scrape_date": "2026-02-09T06:20:37.494225Z",
      "stabilities": [
        "unstable"
      ],
      "unfree": false,
      "version": "17.0.18+8",
      "outputs_to_install": [
        "out"
      ],
      "outputs": {
        "debug": "/nix/store/i24xcpm0g4aakfhl6mpbig05ywvkyh9a-openjdk-17.0.18+8-debug",
        "out": "/nix/store/3xf2cjni3xqn10xnsa0cyvjmnd8sqg7b-openjdk-17.0.18+8"
      },
      "system": "x86_64-linux",
      "group": "toplevel",
      "priority": 5
    }
  ],
  "compose": {
    "composer": {
      "version": 1,
      "install": {
        "findutils": {
          "pkg-path": "findutils"
        },
        "gnugrep": {
          "pkg-path": "gnugrep"
        },
        "gnused": {
          "pkg-path": "gnused"
        }
      },
      "hook": {
        "on-activate": "  # Set up local.properties file\n  if ! [ -f \"local.properties\" ]; then\n    echo \"Creating local.properties file...\"\n    echo \"sdk.dir=$ANDROID_HOME\" > local.properties\n  else\n    local_props=$(cat \"local.properties\")\n    if ! echo \"$local_props\" | grep -q \"^sdk.dir=\"; then\n      echo \"Updating local.properties to add sdk.dir=$ANDROID_HOME...\"\n      echo \"sdk.dir=$ANDROID_HOME\" >> local.properties\n    else\n      echo \"Updating local.properties to use sdk.dir=$ANDROID_HOME...\"\n      sed -i -e \"s|sdk.dir=.*|sdk.dir=$ANDROID_HOME|g\" local.properties\n    fi\n  fi\n\n  # Set git-hooks, if required\n  if git rev-parse --git-dir >/dev/null 2>&1; then\n    hooks_dir=\"$(git rev-parse --git-common-dir)/hooks\"\n    mkdir -p \"$hooks_dir\"\n    for hook_name in \"pre-commit\" \"pre-push\"; do\n      hook=\"$hooks_dir/$hook_name\"\n      if ! [ -f \"$hook\" ] || ! grep -q 'COGO_GIT_HOOK' \"$hook\"; then\n        echo \"Updating $hook_name hook...\"\n        cat >\"$hook\" <<'EOF'\n#!/bin/bash\n# -- COGO_GIT_HOOK\nexec \"$(git rev-parse --show-toplevel)/.githooks/hook\" \"$(basename \"$0\")\"\nEOF\n        chmod +x \"$hook\"\n      fi\n    done\n  fi\n"
      },
      "profile": {},
      "options": {
        "systems": [
          "aarch64-darwin",
          "aarch64-linux",
          "x86_64-darwin",
          "x86_64-linux"
        ]
      },
      "include": {
        "environments": [
          {
            "dir": "../base"
          }
        ]
      }
    },
    "include": [
      {
        "manifest": {
          "version": 1,
          "install": {
            "android-studio-tools": {
              "pkg-path": "android-studio-tools"
            },
            "jdk17": {
              "pkg-path": "jdk17"
            }
          },
          "hook": {
            "on-activate": "  set -eu\n  set -o pipefail\n\n  if ! [ -f \".androidide_root\" ]; then\n    echo \"Run `flox activate` from the root directory\"\n    echo \"Abort.\"\n    exit 1\n  fi\n\n  # Use these env vars if set; otherwise fall back to default\n  DEFAULT_ANDROID_HOME=\"$HOME/Android/Sdk\"\n  DEFAULT_GRADLE_USER_HOME=\"$HOME/.gradle\"\n  ANDROID_HOME=\"${ANDROID_HOME:-$DEFAULT_ANDROID_HOME}\"\n  GRADLE_USER_HOME=\"${GRADLE_USER_HOME:-$DEFAULT_GRADLE_USER_HOME}\"\n  export ANDROID_HOME\n  export GRADLE_USER_HOME\n\n  echo \"Using ANDROID_HOME=$ANDROID_HOME\"\n  echo \"Using GRADLE_USER_HOME=$GRADLE_USER_HOME\"\n\n  # Accept licenses\n  echo \"Accepting SDK licenses...\"\n  { yes || true; } | sdkmanager --sdk_root=\"$ANDROID_HOME\" --licenses 2>&1 > /dev/null\n\n  install_sdk_tools_if_required() {\n    installed_tools=$(sdkmanager --sdk_root=\"$ANDROID_HOME\" --list_installed)\n\n    declare -a to_install=()\n    for package in \"$@\"; do\n        if ! echo \"$installed_tools\" | grep -q \"$package\"; then\n            echo \"'$package' is missing.\"\n            to_install+=(\"$package\")\n        fi\n    done\n\n    if [ ${#to_install[@]} -ne 0 ]; then\n        echo \"Installing SDK Tools: ${to_install[*]}\"\n        sdkmanager --sdk_root=\"$ANDROID_HOME\" --install \"${to_install[@]}\"\n    fi\n  }\n\n  # The packages we need\n  install_sdk_tools_if_required \\\n    \"build-tools;35.0.0\" \\\n    \"cmake;3.31.6\" \\\n    \"platforms;android-35\" \\\n    \"platform-tools\" \\\n    \"ndk;26.1.10909125\"\n"
          },
          "profile": {
            "common": "  # Override the 'sdkmanager' command so that we don't have to\n  #   specify --sdk_root everytime\n  sdkman=$(command -v sdkmanager)\n  alias sdkmanager=\"$sdkman --sdk_root=$ANDROID_HOME\"\n"
          },
          "options": {
            "systems": [
              "aarch64-darwin",
              "aarch64-linux",
              "x86_64-darwin",
              "x86_64-linux"
            ]
          }
        },
        "name": "base",
        "descriptor": {
          "dir": "../base"
        }
      }
    ],
    "warnings": [
      {
        "warning": {
          "Overriding": [
            "options",
            "systems"
          ]
        },
        "higher_priority_name": "Current manifest"
      }
    ]
  }
}
